{
  "name": "lab06",
  "version": "1.0.0",
  "lockfileVersion": 3,
  "requires": true,
  "packages": {
    "": {
      "name": "lab06",
      "version": "1.0.0",
      "license": "ISC",
      "dependencies": {
        "async": "^3.2.4",
        "node-process": "^1.0.1",
        "process": "^0.11.10"
      }
    },
    "node_modules/async": {
      "version": "3.2.4",
      "resolved": "https://registry.npmjs.org/async/-/async-3.2.4.tgz",
      "integrity": "sha512-iAB+JbDEGXhyIUavoDl9WP/Jj106Kz9DEn1DPgYw5ruDn0e3Wgi3sKFm55sASdGBNOQB8F59d9qQ7deqrHA8wQ==",
      "license": "MIT"
    },
    "node_modules/node-process": {
      "version": "1.0.1",
      "resolved": "https://registry.npmjs.org/node-process/-/node-process-1.0.1.tgz",
      "integrity": "sha512-XsyyLcJiMecF9AKVL3Ojd+7ViJ0Y23zigEpzgXQgos76wVqmgSkOQ6kizxQ3EFYKnD4vswEt8UjbCl4hVO1r9g==",
      "license": "MIT"
    },
    "node_modules/process": {
      "version": "0.11.10",
      "resolved": "https://registry.npmjs.org/process/-/process-0.11.10.tgz",
      "integrity": "sha512-cdGef/drWFoydD1JsMzuFf8100nZl+GT+yacc2bEced5f9Rjk4z+WtFUTBu9PhOi9j/jfmBPu0mMEY4wIdAF8A==",
      "license": "MIT",
      "engines": {
        "node": ">= 0.6.0"
      }
    }
  }
}
